
Microsoft Visual Studio Solution File, Format Version 12.00
# Visual Studio Version 17
VisualStudioVersion = 17.4.33205.214
MinimumVisualStudioVersion = 10.0.40219.1
Project("{FAE04EC0-301F-11D3-BF4B-00C04F79EFBC}") = "CoreDataBaseFirstApproach22", "CoreDataBaseFirstApproach22\CoreDataBaseFirstApproach22.csproj", "{49E0CB44-A84A-4965-9491-95D0BAE8AF72}"
EndProject
Global
	GlobalSection(SolutionConfigurationPlatforms) = preSolution
		Debug|Any CPU = Debug|Any CPU
		Release|Any CPU = Release|Any CPU
	EndGlobalSection
	GlobalSection(ProjectConfigurationPlatforms) = postSolution
		{49E0CB44-A84A-4965-9491-95D0BAE8AF72}.Debug|Any CPU.ActiveCfg = Debug|Any CPU
		{49E0CB44-A84A-4965-9491-95D0BAE8AF72}.Debug|Any CPU.Build.0 = Debug|Any CPU
		{49E0CB44-A84A-4965-9491-95D0BAE8AF72}.Release|Any CPU.ActiveCfg = Release|Any CPU
		{49E0CB44-A84A-4965-9491-95D0BAE8AF72}.Release|Any CPU.Build.0 = Release|Any CPU
	EndGlobalSection
	GlobalSection(SolutionProperties) = preSolution
		HideSolutionNode = FALSE
	EndGlobalSection
	GlobalSection(ExtensibilityGlobals) = postSolution
		SolutionGuid = {AC2EA2FE-CA4C-4C0A-B75B-D280DCD9F9A6}
	EndGlobalSection
EndGlobal
